{
  "name": "@tianacloud/cli",
  "version": "1.0.2",
  "lockfileVersion": 3,
  "requires": true,
  "packages": {
    "": {
      "name": "@tianacloud/cli",
      "version": "1.0.2",
      "cpu": [
        "x64",
        "arm64",
        "riscv64"
      ],
      "os": [
        "darwin",
        "linux",
        "win32"
      ],
      "bin": {
        "git-remote-tiana": "bin/git-remote-tiana.mjs",
        "tiana": "bin/tiana.mjs"
      },
      "engines": {
        "node": ">=20"
      },
      "optionalDependencies": {
        "@tianacloud/cli-darwin-arm64": "1.0.2",
        "@tianacloud/cli-darwin-x64": "1.0.2",
        "@tianacloud/cli-linux-arm64": "1.0.2",
        "@tianacloud/cli-linux-riscv64": "1.0.2",
        "@tianacloud/cli-linux-x64": "1.0.2",
        "@tianacloud/cli-win32-arm64": "1.0.2",
        "@tianacloud/cli-win32-x64": "1.0.2"
      }
    }
  }
}
